
Microsoft Visual Studio Solution File, Format Version 12.00
# Visual Studio Version 16
VisualStudioVersion = 16.0.29025.244
MinimumVisualStudioVersion = 10.0.40219.1
Project("{FAE04EC0-301F-11D3-BF4B-00C04F79EFBC}") = "ProgressBar", "ProgressBar.csproj", "{BC93D273-4CA3-4615-9B3E-4062211B3B50}"
EndProject
Global
	GlobalSection(SolutionConfigurationPlatforms) = preSolution
		Debug|Any CPU = Debug|Any CPU
		Release|Any CPU = Release|Any CPU
	EndGlobalSection
	GlobalSection(ProjectConfigurationPlatforms) = postSolution
		{BC93D273-4CA3-4615-9B3E-4062211B3B50}.Debug|Any CPU.ActiveCfg = Debug|Any CPU
		{BC93D273-4CA3-4615-9B3E-4062211B3B50}.Debug|Any CPU.Build.0 = Debug|Any CPU
		{BC93D273-4CA3-4615-9B3E-4062211B3B50}.Release|Any CPU.ActiveCfg = Release|Any CPU
		{BC93D273-4CA3-4615-9B3E-4062211B3B50}.Release|Any CPU.Build.0 = Release|Any CPU
	EndGlobalSection
	GlobalSection(SolutionProperties) = preSolution
		HideSolutionNode = FALSE
	EndGlobalSection
	GlobalSection(ExtensibilityGlobals) = postSolution
		SolutionGuid = {7B0537A1-D491-48FC-9F93-E2F241FECB37}
	EndGlobalSection
EndGlobal
